// !$*UTF8*$!
{
	archiveVersion = 1;
	classes = {
	};
	objectVersion = 54;
	objects = {

/* Begin PBXAggregateTarget section */
		82302D132C66A07C00B8BF8C /* Update Localize */ = {
			isa = PBXAggregateTarget;
			buildConfigurationList = 82302D142C66A07C00B8BF8C /* Build configuration list for PBXAggregateTarget "Update Localize" */;
			buildPhases = (
				82302D172C66A08B00B8BF8C /* Download hoshi */,
				82302D182C66A15100B8BF8C /* Update Localize */,
			);
			dependencies = (
			);
			name = "Update Localize";
			productName = "Update Localize";
		};
/* End PBXAggregateTarget section */

/* Begin PBXBuildFile section */
		822CDF3E27D4C6CD00C6B331 /* MenuManager.swift in Sources */ = {isa = PBXBuildFile; fileRef = 822CDF3D27D4C6CD00C6B331 /* MenuManager.swift */; };
		822CDF4127D4C72E00C6B331 /* CGWindowModels.swift in Sources */ = {isa = PBXBuildFile; fileRef = 822CDF4027D4C72E00C6B331 /* CGWindowModels.swift */; };
		822CDF4427D4C79300C6B331 /* WindowManager.swift in Sources */ = {isa = PBXBuildFile; fileRef = 822CDF4327D4C79300C6B331 /* WindowManager.swift */; };
		822CDF4D27D5181D00C6B331 /* CoreGraphics.framework in Frameworks */ = {isa = PBXBuildFile; fileRef = 822CDF4C27D5181D00C6B331 /* CoreGraphics.framework */; platformFilter = maccatalyst; };
		822CDF5027D52C1C00C6B331 /* ApplicationServices.framework in Frameworks */ = {isa = PBXBuildFile; fileRef = 822CDF4F27D52C1C00C6B331 /* ApplicationServices.framework */; platformFilter = maccatalyst; };
		82302D0F2C669E4300B8BF8C /* Localizable.strings in Resources */ = {isa = PBXBuildFile; fileRef = 82302D112C669E4300B8BF8C /* Localizable.strings */; };
		82302D1D2C66A52C00B8BF8C /* RswiftLibrary in Frameworks */ = {isa = PBXBuildFile; productRef = 82302D1C2C66A52C00B8BF8C /* RswiftLibrary */; };
		82479F7D2C709A100063996B /* SkyLightModels.swift in Sources */ = {isa = PBXBuildFile; fileRef = 82479F7C2C709A100063996B /* SkyLightModels.swift */; };
		82479F802C709DE90063996B /* UkamWindowModels.swift in Sources */ = {isa = PBXBuildFile; fileRef = 82479F7F2C709DE90063996B /* UkamWindowModels.swift */; };
		82479F852C71AE750063996B /* SkyLightOperations.swift in Sources */ = {isa = PBXBuildFile; fileRef = 82479F842C71AE750063996B /* SkyLightOperations.swift */; };
		82479F872C71B0210063996B /* CGWindowOperations.swift in Sources */ = {isa = PBXBuildFile; fileRef = 82479F862C71B0210063996B /* CGWindowOperations.swift */; };
		826008282C67511200ACD8A7 /* AboutViewController.swift in Sources */ = {isa = PBXBuildFile; fileRef = 826008272C67511200ACD8A7 /* AboutViewController.swift */; };
		8260082A2C67511A00ACD8A7 /* AboutView.swift in Sources */ = {isa = PBXBuildFile; fileRef = 826008292C67511A00ACD8A7 /* AboutView.swift */; };
		8260082D2C6755A500ACD8A7 /* AcknowledgementsView.swift in Sources */ = {isa = PBXBuildFile; fileRef = 8260082C2C6755A500ACD8A7 /* AcknowledgementsView.swift */; };
		8260083E2C675CA600ACD8A7 /* AcknowledgementsDataSource.swift in Sources */ = {isa = PBXBuildFile; fileRef = 8260083D2C675CA600ACD8A7 /* AcknowledgementsDataSource.swift */; };
		828688F52C6512A80059CAEE /* PermissionsManager.swift in Sources */ = {isa = PBXBuildFile; fileRef = 828688F42C6512A80059CAEE /* PermissionsManager.swift */; };
		828688F82C65158B0059CAEE /* PermissionsView.swift in Sources */ = {isa = PBXBuildFile; fileRef = 828688F72C65158B0059CAEE /* PermissionsView.swift */; };
		828688FA2C651B6E0059CAEE /* PermissionsViewController.swift in Sources */ = {isa = PBXBuildFile; fileRef = 828688F92C651B6E0059CAEE /* PermissionsViewController.swift */; };
		82B14E002C5CDBF7000B08C3 /* WindowsViewController.swift in Sources */ = {isa = PBXBuildFile; fileRef = 82B14DFF2C5CDBF7000B08C3 /* WindowsViewController.swift */; };
		82B14E022C5CDC0E000B08C3 /* WindowsView.swift in Sources */ = {isa = PBXBuildFile; fileRef = 82B14E012C5CDC0E000B08C3 /* WindowsView.swift */; };
		82B14E042C5CE172000B08C3 /* WindowsViewDataSource.swift in Sources */ = {isa = PBXBuildFile; fileRef = 82B14E032C5CE172000B08C3 /* WindowsViewDataSource.swift */; };
		82B14E062C5CED30000B08C3 /* WindowItemView.swift in Sources */ = {isa = PBXBuildFile; fileRef = 82B14E052C5CED30000B08C3 /* WindowItemView.swift */; };
		82B14E082C5CF685000B08C3 /* LayoutConstants.swift in Sources */ = {isa = PBXBuildFile; fileRef = 82B14E072C5CF685000B08C3 /* LayoutConstants.swift */; };
		82B14E0C2C5D11B4000B08C3 /* ScreenCaptureKit.framework in Frameworks */ = {isa = PBXBuildFile; fileRef = 82B14E0B2C5D11B4000B08C3 /* ScreenCaptureKit.framework */; };
		82C57EFD27D46DB900395627 /* AppDelegate.swift in Sources */ = {isa = PBXBuildFile; fileRef = 82C57EFC27D46DB900395627 /* AppDelegate.swift */; };
		82C57F0127D46DC100395627 /* Assets.xcassets in Resources */ = {isa = PBXBuildFile; fileRef = 82C57F0027D46DC100395627 /* Assets.xcassets */; };
		82C57F0427D46DC100395627 /* Main.storyboard in Resources */ = {isa = PBXBuildFile; fileRef = 82C57F0227D46DC100395627 /* Main.storyboard */; };
/* End PBXBuildFile section */

/* Begin PBXFileReference section */
		822CDF3D27D4C6CD00C6B331 /* MenuManager.swift */ = {isa = PBXFileReference; lastKnownFileType = sourcecode.swift; path = MenuManager.swift; sourceTree = "<group>"; };
		822CDF4027D4C72E00C6B331 /* CGWindowModels.swift */ = {isa = PBXFileReference; lastKnownFileType = sourcecode.swift; path = CGWindowModels.swift; sourceTree = "<group>"; };
		822CDF4327D4C79300C6B331 /* WindowManager.swift */ = {isa = PBXFileReference; lastKnownFileType = sourcecode.swift; path = WindowManager.swift; sourceTree = "<group>"; };
		822CDF4727D517E400C6B331 /* Ukam-Bridging-Header.h */ = {isa = PBXFileReference; lastKnownFileType = sourcecode.c.h; path = "Ukam-Bridging-Header.h"; sourceTree = "<group>"; };
		822CDF4C27D5181D00C6B331 /* CoreGraphics.framework */ = {isa = PBXFileReference; lastKnownFileType = wrapper.framework; name = CoreGraphics.framework; path = System/Library/Frameworks/CoreGraphics.framework; sourceTree = SDKROOT; };
		822CDF4E27D52C0B00C6B331 /* AXUIElement.h */ = {isa = PBXFileReference; lastKnownFileType = sourcecode.c.h; path = AXUIElement.h; sourceTree = "<group>"; };
		822CDF4F27D52C1C00C6B331 /* ApplicationServices.framework */ = {isa = PBXFileReference; lastKnownFileType = wrapper.framework; name = ApplicationServices.framework; path = System/Library/Frameworks/ApplicationServices.framework; sourceTree = SDKROOT; };
		82302D102C669E4300B8BF8C /* en */ = {isa = PBXFileReference; lastKnownFileType = text.plist.strings; name = en; path = en.lproj/Localizable.strings; sourceTree = "<group>"; };
		82302D122C669EB300B8BF8C /* ja */ = {isa = PBXFileReference; lastKnownFileType = text.plist.strings; name = ja; path = ja.lproj/Localizable.strings; sourceTree = "<group>"; };
		82479F742C7095A80063996B /* SkyLight.h */ = {isa = PBXFileReference; lastKnownFileType = sourcecode.c.h; path = SkyLight.h; sourceTree = "<group>"; };
		82479F752C7096110063996B /* Ukam.xcconfig */ = {isa = PBXFileReference; lastKnownFileType = text.xcconfig; path = Ukam.xcconfig; sourceTree = "<group>"; };
		82479F7C2C709A100063996B /* SkyLightModels.swift */ = {isa = PBXFileReference; lastKnownFileType = sourcecode.swift; path = SkyLightModels.swift; sourceTree = "<group>"; };
		82479F7F2C709DE90063996B /* UkamWindowModels.swift */ = {isa = PBXFileReference; lastKnownFileType = sourcecode.swift; path = UkamWindowModels.swift; sourceTree = "<group>"; };
		82479F842C71AE750063996B /* SkyLightOperations.swift */ = {isa = PBXFileReference; lastKnownFileType = sourcecode.swift; path = SkyLightOperations.swift; sourceTree = "<group>"; };
		82479F862C71B0210063996B /* CGWindowOperations.swift */ = {isa = PBXFileReference; lastKnownFileType = sourcecode.swift; path = CGWindowOperations.swift; sourceTree = "<group>"; };
		8260081F2C67497900ACD8A7 /* Ukam.Release.xcconfig */ = {isa = PBXFileReference; lastKnownFileType = text.xcconfig; path = Ukam.Release.xcconfig; sourceTree = "<group>"; };
		826008202C67499A00ACD8A7 /* Ukam.Debug.xcconfig */ = {isa = PBXFileReference; lastKnownFileType = text.xcconfig; path = Ukam.Debug.xcconfig; sourceTree = "<group>"; };
		826008212C674A0800ACD8A7 /* Version.xcconfig */ = {isa = PBXFileReference; lastKnownFileType = text.xcconfig; path = Version.xcconfig; sourceTree = "<group>"; };
		826008272C67511200ACD8A7 /* AboutViewController.swift */ = {isa = PBXFileReference; lastKnownFileType = sourcecode.swift; path = AboutViewController.swift; sourceTree = "<group>"; };
		826008292C67511A00ACD8A7 /* AboutView.swift */ = {isa = PBXFileReference; lastKnownFileType = sourcecode.swift; path = AboutView.swift; sourceTree = "<group>"; };
		8260082C2C6755A500ACD8A7 /* AcknowledgementsView.swift */ = {isa = PBXFileReference; lastKnownFileType = sourcecode.swift; path = AcknowledgementsView.swift; sourceTree = "<group>"; };
		8260083D2C675CA600ACD8A7 /* AcknowledgementsDataSource.swift */ = {isa = PBXFileReference; lastKnownFileType = sourcecode.swift; path = AcknowledgementsDataSource.swift; sourceTree = "<group>"; };
		828688F42C6512A80059CAEE /* PermissionsManager.swift */ = {isa = PBXFileReference; lastKnownFileType = sourcecode.swift; path = PermissionsManager.swift; sourceTree = "<group>"; };
		828688F72C65158B0059CAEE /* PermissionsView.swift */ = {isa = PBXFileReference; lastKnownFileType = sourcecode.swift; path = PermissionsView.swift; sourceTree = "<group>"; };
		828688F92C651B6E0059CAEE /* PermissionsViewController.swift */ = {isa = PBXFileReference; lastKnownFileType = sourcecode.swift; path = PermissionsViewController.swift; sourceTree = "<group>"; };
		82B14DFF2C5CDBF7000B08C3 /* WindowsViewController.swift */ = {isa = PBXFileReference; lastKnownFileType = sourcecode.swift; path = WindowsViewController.swift; sourceTree = "<group>"; };
		82B14E012C5CDC0E000B08C3 /* WindowsView.swift */ = {isa = PBXFileReference; lastKnownFileType = sourcecode.swift; path = WindowsView.swift; sourceTree = "<group>"; };
		82B14E032C5CE172000B08C3 /* WindowsViewDataSource.swift */ = {isa = PBXFileReference; lastKnownFileType = sourcecode.swift; path = WindowsViewDataSource.swift; sourceTree = "<group>"; };
		82B14E052C5CED30000B08C3 /* WindowItemView.swift */ = {isa = PBXFileReference; lastKnownFileType = sourcecode.swift; path = WindowItemView.swift; sourceTree = "<group>"; };
		82B14E072C5CF685000B08C3 /* LayoutConstants.swift */ = {isa = PBXFileReference; lastKnownFileType = sourcecode.swift; path = LayoutConstants.swift; sourceTree = "<group>"; };
		82B14E0B2C5D11B4000B08C3 /* ScreenCaptureKit.framework */ = {isa = PBXFileReference; lastKnownFileType = wrapper.framework; name = ScreenCaptureKit.framework; path = System/Library/Frameworks/ScreenCaptureKit.framework; sourceTree = SDKROOT; };
		82C57EF927D46DB900395627 /* Ukam.app */ = {isa = PBXFileReference; explicitFileType = wrapper.application; includeInIndex = 0; path = Ukam.app; sourceTree = BUILT_PRODUCTS_DIR; };
		82C57EFC27D46DB900395627 /* AppDelegate.swift */ = {isa = PBXFileReference; lastKnownFileType = sourcecode.swift; path = AppDelegate.swift; sourceTree = "<group>"; };
		82C57F0027D46DC100395627 /* Assets.xcassets */ = {isa = PBXFileReference; lastKnownFileType = folder.assetcatalog; path = Assets.xcassets; sourceTree = "<group>"; };
		82C57F0327D46DC100395627 /* Base */ = {isa = PBXFileReference; lastKnownFileType = file.storyboard; name = Base; path = Base.lproj/Main.storyboard; sourceTree = "<group>"; };
		82C57F0527D46DC100395627 /* Info.plist */ = {isa = PBXFileReference; lastKnownFileType = text.plist.xml; path = Info.plist; sourceTree = "<group>"; };
		82C57F0627D46DC100395627 /* Ukam.entitlements */ = {isa = PBXFileReference; lastKnownFileType = text.plist.entitlements; path = Ukam.entitlements; sourceTree = "<group>"; };
/* End PBXFileReference section */

/* Begin PBXFrameworksBuildPhase section */
		82C57EF627D46DB900395627 /* Frameworks */ = {
			isa = PBXFrameworksBuildPhase;
			buildActionMask = 2147483647;
			files = (
				822CDF4D27D5181D00C6B331 /* CoreGraphics.framework in Frameworks */,
				82302D1D2C66A52C00B8BF8C /* RswiftLibrary in Frameworks */,
				82B14E0C2C5D11B4000B08C3 /* ScreenCaptureKit.framework in Frameworks */,
				822CDF5027D52C1C00C6B331 /* ApplicationServices.framework in Frameworks */,
			);
			runOnlyForDeploymentPostprocessing = 0;
		};
/* End PBXFrameworksBuildPhase section */

/* Begin PBXGroup section */
		822CDF3F27D4C71F00C6B331 /* Model */ = {
			isa = PBXGroup;
			children = (
				82479F7F2C709DE90063996B /* UkamWindowModels.swift */,
				822CDF4027D4C72E00C6B331 /* CGWindowModels.swift */,
				82479F7C2C709A100063996B /* SkyLightModels.swift */,
			);
			path = Model;
			sourceTree = "<group>";
		};
		822CDF4227D4C77F00C6B331 /* Managers */ = {
			isa = PBXGroup;
			children = (
				82479F772C7097180063996B /* Window */,
				822CDF3D27D4C6CD00C6B331 /* MenuManager.swift */,
				828688F42C6512A80059CAEE /* PermissionsManager.swift */,
			);
			path = Managers;
			sourceTree = "<group>";
		};
		822CDF4527D517A100C6B331 /* Bridge */ = {
			isa = PBXGroup;
			children = (
				822CDF4727D517E400C6B331 /* Ukam-Bridging-Header.h */,
				822CDF4E27D52C0B00C6B331 /* AXUIElement.h */,
				82479F742C7095A80063996B /* SkyLight.h */,
			);
			path = Bridge;
			sourceTree = "<group>";
		};
		822CDF4B27D5181D00C6B331 /* Frameworks */ = {
			isa = PBXGroup;
			children = (
				82B14E0B2C5D11B4000B08C3 /* ScreenCaptureKit.framework */,
				822CDF4F27D52C1C00C6B331 /* ApplicationServices.framework */,
				822CDF4C27D5181D00C6B331 /* CoreGraphics.framework */,
			);
			name = Frameworks;
			sourceTree = "<group>";
		};
		82479F772C7097180063996B /* Window */ = {
			isa = PBXGroup;
			children = (
				822CDF4327D4C79300C6B331 /* WindowManager.swift */,
				82479F842C71AE750063996B /* SkyLightOperations.swift */,
				82479F862C71B0210063996B /* CGWindowOperations.swift */,
			);
			path = Window;
			sourceTree = "<group>";
		};
		826008222C674A0E00ACD8A7 /* Configurations */ = {
			isa = PBXGroup;
			children = (
				82479F752C7096110063996B /* Ukam.xcconfig */,
				8260081F2C67497900ACD8A7 /* Ukam.Release.xcconfig */,
				826008202C67499A00ACD8A7 /* Ukam.Debug.xcconfig */,
				826008212C674A0800ACD8A7 /* Version.xcconfig */,
			);
			path = Configurations;
			sourceTree = "<group>";
		};
		826008262C6750FB00ACD8A7 /* About */ = {
			isa = PBXGroup;
			children = (
				826008272C67511200ACD8A7 /* AboutViewController.swift */,
				826008292C67511A00ACD8A7 /* AboutView.swift */,
				8260082C2C6755A500ACD8A7 /* AcknowledgementsView.swift */,
				8260083D2C675CA600ACD8A7 /* AcknowledgementsDataSource.swift */,
			);
			path = About;
			sourceTree = "<group>";
		};
		828688F62C65154B0059CAEE /* Permissions */ = {
			isa = PBXGroup;
			children = (
				828688F92C651B6E0059CAEE /* PermissionsViewController.swift */,
				828688F72C65158B0059CAEE /* PermissionsView.swift */,
			);
			path = Permissions;
			sourceTree = "<group>";
		};
		82B14DFD2C5CDBDF000B08C3 /* Views */ = {
			isa = PBXGroup;
			children = (
				828688F62C65154B0059CAEE /* Permissions */,
				82B14DFE2C5CDBE7000B08C3 /* Windows */,
				826008262C6750FB00ACD8A7 /* About */,
				82B14E072C5CF685000B08C3 /* LayoutConstants.swift */,
			);
			path = Views;
			sourceTree = "<group>";
		};
		82B14DFE2C5CDBE7000B08C3 /* Windows */ = {
			isa = PBXGroup;
			children = (
				82B14DFF2C5CDBF7000B08C3 /* WindowsViewController.swift */,
				82B14E012C5CDC0E000B08C3 /* WindowsView.swift */,
				82B14E052C5CED30000B08C3 /* WindowItemView.swift */,
				82B14E032C5CE172000B08C3 /* WindowsViewDataSource.swift */,
			);
			path = Windows;
			sourceTree = "<group>";
		};
		82C57EF027D46DB900395627 = {
			isa = PBXGroup;
			children = (
				82C57EFB27D46DB900395627 /* Ukam */,
				82C57EFA27D46DB900395627 /* Products */,
				822CDF4B27D5181D00C6B331 /* Frameworks */,
			);
			sourceTree = "<group>";
		};
		82C57EFA27D46DB900395627 /* Products */ = {
			isa = PBXGroup;
			children = (
				82C57EF927D46DB900395627 /* Ukam.app */,
			);
			name = Products;
			sourceTree = "<group>";
		};
		82C57EFB27D46DB900395627 /* Ukam */ = {
			isa = PBXGroup;
			children = (
				82B14DFD2C5CDBDF000B08C3 /* Views */,
				822CDF4527D517A100C6B331 /* Bridge */,
				822CDF4227D4C77F00C6B331 /* Managers */,
				822CDF3F27D4C71F00C6B331 /* Model */,
				82C57EFC27D46DB900395627 /* AppDelegate.swift */,
				82C57F0027D46DC100395627 /* Assets.xcassets */,
				82302D112C669E4300B8BF8C /* Localizable.strings */,
				82C57F0227D46DC100395627 /* Main.storyboard */,
				826008222C674A0E00ACD8A7 /* Configurations */,
				82C57F0527D46DC100395627 /* Info.plist */,
				82C57F0627D46DC100395627 /* Ukam.entitlements */,
			);
			path = Ukam;
			sourceTree = "<group>";
		};
/* End PBXGroup section */

/* Begin PBXNativeTarget section */
		82C57EF827D46DB900395627 /* Ukam */ = {
			isa = PBXNativeTarget;
			buildConfigurationList = 82C57F0927D46DC100395627 /* Build configuration list for PBXNativeTarget "Ukam" */;
			buildPhases = (
				82C57EF527D46DB900395627 /* Sources */,
				82C57EF627D46DB900395627 /* Frameworks */,
				82C5D37D2C675B3000395627 /* Copy Acknowledgements */,
				82C57EF727D46DB900395627 /* Resources */,
			);
			buildRules = (
			);
			dependencies = (
				826008372C675AAB00ACD8A7 /* PBXTargetDependency */,
				82302D1F2C66A54300B8BF8C /* PBXTargetDependency */,
			);
			name = Ukam;
			packageProductDependencies = (
				82302D1C2C66A52C00B8BF8C /* RswiftLibrary */,
			);
			productName = Ukam;
			productReference = 82C57EF927D46DB900395627 /* Ukam.app */;
			productType = "com.apple.product-type.application";
		};
/* End PBXNativeTarget section */

/* Begin PBXProject section */
		82C57EF127D46DB900395627 /* Project object */ = {
			isa = PBXProject;
			attributes = {
				BuildIndependentTargetsInParallel = YES;
				LastSwiftUpdateCheck = 1250;
				LastUpgradeCheck = 1520;
				TargetAttributes = {
					82302D132C66A07C00B8BF8C = {
						CreatedOnToolsVersion = 15.2;
					};
					82C57EF827D46DB900395627 = {
						CreatedOnToolsVersion = 12.5;
						LastSwiftMigration = 1300;
					};
				};
			};
			buildConfigurationList = 82C57EF427D46DB900395627 /* Build configuration list for PBXProject "Ukam" */;
			compatibilityVersion = "Xcode 9.3";
			developmentRegion = en;
			hasScannedForEncodings = 0;
			knownRegions = (
				en,
				Base,
				ja,
			);
			mainGroup = 82C57EF027D46DB900395627;
			packageReferences = (
				82302D1B2C66A4F900B8BF8C /* XCRemoteSwiftPackageReference "R.swift" */,
				826008342C675A9700ACD8A7 /* XCRemoteSwiftPackageReference "LicensePlist" */,
			);
			productRefGroup = 82C57EFA27D46DB900395627 /* Products */;
			projectDirPath = "";
			projectRoot = "";
			targets = (
				82C57EF827D46DB900395627 /* Ukam */,
				82302D132C66A07C00B8BF8C /* Update Localize */,
			);
		};
/* End PBXProject section */

/* Begin PBXResourcesBuildPhase section */
		82C57EF727D46DB900395627 /* Resources */ = {
			isa = PBXResourcesBuildPhase;
			buildActionMask = 2147483647;
			files = (
				82C57F0127D46DC100395627 /* Assets.xcassets in Resources */,
				82302D0F2C669E4300B8BF8C /* Localizable.strings in Resources */,
				82C57F0427D46DC100395627 /* Main.storyboard in Resources */,
			);
			runOnlyForDeploymentPostprocessing = 0;
		};
/* End PBXResourcesBuildPhase section */

/* Begin PBXShellScriptBuildPhase section */
		82302D172C66A08B00B8BF8C /* Download hoshi */ = {
			isa = PBXShellScriptBuildPhase;
			alwaysOutOfDate = 1;
			buildActionMask = 12;
			files = (
			);
			inputFileListPaths = (
			);
			inputPaths = (
			);
			name = "Download hoshi";
			outputFileListPaths = (
			);
			outputPaths = (
			);
			runOnlyForDeploymentPostprocessing = 0;
			shellPath = /bin/sh;
			shellScript = "hoshi_version=\"0.5.0\"\nhoshi_url=\"https://github.com/iseebi/hoshi/releases/download/v$hoshi_version/hoshi-$hoshi_version-arm64-mac.zip\"\n\nproject_dir=\"$PROJECT_DIR\"\nvendor_dir=\"$project_dir/.vendor\"\nhoshi_cli=\"$vendor_dir/hoshi.app/Contents/hoshi-cli\"\n\nif [ ! -d \"$vendor_dir\" ]; then\n    mkdir -p \"$vendor_dir\"\nfi\n\nif [ ! -e \"$hoshi_cli\" ]; then\n    hoshi_zip=\"$vendor_dir/hoshi.zip\"\n    curl -Lo \"$hoshi_zip\" \"$hoshi_url\"\n    unzip \"$hoshi_zip\" -d \"$vendor_dir/\"\n    rm \"$hoshi_zip\"\n    \n    if [ ! -e \"$hoshi_cli\" ]; then\n        exit 1\n    fi\nfi\n";
		};
		82302D182C66A15100B8BF8C /* Update Localize */ = {
			isa = PBXShellScriptBuildPhase;
			alwaysOutOfDate = 1;
			buildActionMask = 2147483647;
			files = (
			);
			inputFileListPaths = (
			);
			inputPaths = (
			);
			name = "Update Localize";
			outputFileListPaths = (
			);
			outputPaths = (
				"$(SRCROOT)/Ukam/en.lproj/Localizable.strings",
				"$(SRCROOT)/Ukam/ja.lproj/Localizable.strings",
			);
			runOnlyForDeploymentPostprocessing = 0;
			shellPath = /bin/sh;
			shellScript = "hoshi_cli=\"$PROJECT_DIR/.vendor/hoshi.app/Contents/hoshi-cli\"\n\nwork_dir=$(mktemp -d)\nfunction cleanup {\n  rm -rf \"$work_dir\"\n}\ntrap cleanup EXIT\n\n$hoshi_cli publish --project \"$PROJECT_DIR/localize\" --outDir \"$work_dir\" app\n\ncp \"$work_dir/app/strings/en.strings\" \"$PROJECT_DIR/Ukam/en.lproj/Localizable.strings\"\ncp \"$work_dir/app/strings/ja.strings\" \"$PROJECT_DIR/Ukam/ja.lproj/Localizable.strings\"\n";
		};
		82C5D37D2C675B3000395627 /* Copy Acknowledgements */ = {
			isa = PBXShellScriptBuildPhase;
			alwaysOutOfDate = 1;
			buildActionMask = 2147483647;
			files = (
			);
			inputPaths = (
			);
			name = "Copy Acknowledgements";
			outputPaths = (
			);
			runOnlyForDeploymentPostprocessing = 0;
			shellPath = /bin/sh;
			shellScript = "echo \"Will copy acknowledgements\"\n\nACKNOWLEDGEMENTS_DIR=${BUILT_PRODUCTS_DIR}/${CONTENTS_FOLDER_PATH}/com.mono0926.LicensePlist.Output\nDESTINATION_PATH=${BUILT_PRODUCTS_DIR}/${CONTENTS_FOLDER_PATH}/Settings.bundle/\n\necho $ACKNOWLEDGEMENTS_DIR\necho $DESTINATION_PATH\n\n\n#cp -r \"${ACKNOWLEDGEMENTS_DIR}\"/* \"${DESTINATION_PATH}\"\n#rm -rf \"${ACKNOWLEDGEMENTS_DIR}\"\n";
		};
/* End PBXShellScriptBuildPhase section */

/* Begin PBXSourcesBuildPhase section */
		82C57EF527D46DB900395627 /* Sources */ = {
			isa = PBXSourcesBuildPhase;
			buildActionMask = 2147483647;
			files = (
				82479F7D2C709A100063996B /* SkyLightModels.swift in Sources */,
				828688F52C6512A80059CAEE /* PermissionsManager.swift in Sources */,
				822CDF3E27D4C6CD00C6B331 /* MenuManager.swift in Sources */,
				8260083E2C675CA600ACD8A7 /* AcknowledgementsDataSource.swift in Sources */,
				82B14E022C5CDC0E000B08C3 /* WindowsView.swift in Sources */,
				82B14E042C5CE172000B08C3 /* WindowsViewDataSource.swift in Sources */,
				8260082A2C67511A00ACD8A7 /* AboutView.swift in Sources */,
				822CDF4127D4C72E00C6B331 /* CGWindowModels.swift in Sources */,
				82B14E062C5CED30000B08C3 /* WindowItemView.swift in Sources */,
				828688FA2C651B6E0059CAEE /* PermissionsViewController.swift in Sources */,
				828688F82C65158B0059CAEE /* PermissionsView.swift in Sources */,
				82479F852C71AE750063996B /* SkyLightOperations.swift in Sources */,
				82C57EFD27D46DB900395627 /* AppDelegate.swift in Sources */,
				8260082D2C6755A500ACD8A7 /* AcknowledgementsView.swift in Sources */,
				826008282C67511200ACD8A7 /* AboutViewController.swift in Sources */,
				82479F872C71B0210063996B /* CGWindowOperations.swift in Sources */,
				82B14E002C5CDBF7000B08C3 /* WindowsViewController.swift in Sources */,
				822CDF4427D4C79300C6B331 /* WindowManager.swift in Sources */,
				82B14E082C5CF685000B08C3 /* LayoutConstants.swift in Sources */,
				82479F802C709DE90063996B /* UkamWindowModels.swift in Sources */,
			);
			runOnlyForDeploymentPostprocessing = 0;
		};
/* End PBXSourcesBuildPhase section */

/* Begin PBXTargetDependency section */
		82302D1F2C66A54300B8BF8C /* PBXTargetDependency */ = {
			isa = PBXTargetDependency;
			productRef = 82302D1E2C66A54300B8BF8C /* RswiftGenerateInternalResources */;
		};
		826008372C675AAB00ACD8A7 /* PBXTargetDependency */ = {
			isa = PBXTargetDependency;
			productRef = 826008362C675AAB00ACD8A7 /* LicensePlistBuildTool */;
		};
/* End PBXTargetDependency section */

/* Begin PBXVariantGroup section */
		82302D112C669E4300B8BF8C /* Localizable.strings */ = {
			isa = PBXVariantGroup;
			children = (
				82302D102C669E4300B8BF8C /* en */,
				82302D122C669EB300B8BF8C /* ja */,
			);
			name = Localizable.strings;
			sourceTree = "<group>";
		};
		82C57F0227D46DC100395627 /* Main.storyboard */ = {
			isa = PBXVariantGroup;
			children = (
				82C57F0327D46DC100395627 /* Base */,
			);
			name = Main.storyboard;
			sourceTree = "<group>";
		};
/* End PBXVariantGroup section */

/* Begin XCBuildConfiguration section */
		82302D152C66A07C00B8BF8C /* Debug */ = {
			isa = XCBuildConfiguration;
			buildSettings = {
				CODE_SIGN_STYLE = Automatic;
				DEAD_CODE_STRIPPING = YES;
				DEVELOPMENT_TEAM = NARTSSS6TY;
				PRODUCT_NAME = "$(TARGET_NAME)";
			};
			name = Debug;
		};
		82302D162C66A07C00B8BF8C /* Release */ = {
			isa = XCBuildConfiguration;
			buildSettings = {
				CODE_SIGN_STYLE = Automatic;
				DEAD_CODE_STRIPPING = YES;
				DEVELOPMENT_TEAM = NARTSSS6TY;
				PRODUCT_NAME = "$(TARGET_NAME)";
			};
			name = Release;
		};
		82C57F0727D46DC100395627 /* Debug */ = {
			isa = XCBuildConfiguration;
			buildSettings = {
				ALWAYS_SEARCH_USER_PATHS = NO;
				CLANG_ANALYZER_LOCALIZABILITY_NONLOCALIZED = YES;
				CLANG_ANALYZER_NONNULL = YES;
				CLANG_ANALYZER_NUMBER_OBJECT_CONVERSION = YES_AGGRESSIVE;
				CLANG_CXX_LANGUAGE_STANDARD = "gnu++14";
				CLANG_CXX_LIBRARY = "libc++";
				CLANG_ENABLE_MODULES = YES;
				CLANG_ENABLE_OBJC_ARC = YES;
				CLANG_ENABLE_OBJC_WEAK = YES;
				CLANG_WARN_BLOCK_CAPTURE_AUTORELEASING = YES;
				CLANG_WARN_BOOL_CONVERSION = YES;
				CLANG_WARN_COMMA = YES;
				CLANG_WARN_CONSTANT_CONVERSION = YES;
				CLANG_WARN_DEPRECATED_OBJC_IMPLEMENTATIONS = YES;
				CLANG_WARN_DIRECT_OBJC_ISA_USAGE = YES_ERROR;
				CLANG_WARN_DOCUMENTATION_COMMENTS = YES;
				CLANG_WARN_EMPTY_BODY = YES;
				CLANG_WARN_ENUM_CONVERSION = YES;
				CLANG_WARN_INFINITE_RECURSION = YES;
				CLANG_WARN_INT_CONVERSION = YES;
				CLANG_WARN_NON_LITERAL_NULL_CONVERSION = YES;
				CLANG_WARN_OBJC_IMPLICIT_RETAIN_SELF = YES;
				CLANG_WARN_OBJC_LITERAL_CONVERSION = YES;
				CLANG_WARN_OBJC_ROOT_CLASS = YES_ERROR;
				CLANG_WARN_QUOTED_INCLUDE_IN_FRAMEWORK_HEADER = YES;
				CLANG_WARN_RANGE_LOOP_ANALYSIS = YES;
				CLANG_WARN_STRICT_PROTOTYPES = YES;
				CLANG_WARN_SUSPICIOUS_MOVE = YES;
				CLANG_WARN_UNGUARDED_AVAILABILITY = YES_AGGRESSIVE;
				CLANG_WARN_UNREACHABLE_CODE = YES;
				CLANG_WARN__DUPLICATE_METHOD_MATCH = YES;
				COPY_PHASE_STRIP = NO;
				DEAD_CODE_STRIPPING = YES;
				DEBUG_INFORMATION_FORMAT = dwarf;
				ENABLE_STRICT_OBJC_MSGSEND = YES;
				ENABLE_TESTABILITY = YES;
				GCC_C_LANGUAGE_STANDARD = gnu11;
				GCC_DYNAMIC_NO_PIC = NO;
				GCC_NO_COMMON_BLOCKS = YES;
				GCC_OPTIMIZATION_LEVEL = 0;
				GCC_PREPROCESSOR_DEFINITIONS = (
					"DEBUG=1",
					"$(inherited)",
				);
				GCC_WARN_64_TO_32_BIT_CONVERSION = YES;
				GCC_WARN_ABOUT_RETURN_TYPE = YES_ERROR;
				GCC_WARN_UNDECLARED_SELECTOR = YES;
				GCC_WARN_UNINITIALIZED_AUTOS = YES_AGGRESSIVE;
				GCC_WARN_UNUSED_FUNCTION = YES;
				GCC_WARN_UNUSED_VARIABLE = YES;
				MACOSX_DEPLOYMENT_TARGET = 14.0;
				MTL_ENABLE_DEBUG_INFO = INCLUDE_SOURCE;
				MTL_FAST_MATH = YES;
				ONLY_ACTIVE_ARCH = YES;
				SDKROOT = macosx;
				SWIFT_ACTIVE_COMPILATION_CONDITIONS = DEBUG;
				SWIFT_OPTIMIZATION_LEVEL = "-Onone";
			};
			name = Debug;
		};
		82C57F0827D46DC100395627 /* Release */ = {
			isa = XCBuildConfiguration;
			buildSettings = {
				ALWAYS_SEARCH_USER_PATHS = NO;
				CLANG_ANALYZER_LOCALIZABILITY_NONLOCALIZED = YES;
				CLANG_ANALYZER_NONNULL = YES;
				CLANG_ANALYZER_NUMBER_OBJECT_CONVERSION = YES_AGGRESSIVE;
				CLANG_CXX_LANGUAGE_STANDARD = "gnu++14";
				CLANG_CXX_LIBRARY = "libc++";
				CLANG_ENABLE_MODULES = YES;
				CLANG_ENABLE_OBJC_ARC = YES;
				CLANG_ENABLE_OBJC_WEAK = YES;
				CLANG_WARN_BLOCK_CAPTURE_AUTORELEASING = YES;
				CLANG_WARN_BOOL_CONVERSION = YES;
				CLANG_WARN_COMMA = YES;
				CLANG_WARN_CONSTANT_CONVERSION = YES;
				CLANG_WARN_DEPRECATED_OBJC_IMPLEMENTATIONS = YES;
				CLANG_WARN_DIRECT_OBJC_ISA_USAGE = YES_ERROR;
				CLANG_WARN_DOCUMENTATION_COMMENTS = YES;
				CLANG_WARN_EMPTY_BODY = YES;
				CLANG_WARN_ENUM_CONVERSION = YES;
				CLANG_WARN_INFINITE_RECURSION = YES;
				CLANG_WARN_INT_CONVERSION = YES;
				CLANG_WARN_NON_LITERAL_NULL_CONVERSION = YES;
				CLANG_WARN_OBJC_IMPLICIT_RETAIN_SELF = YES;
				CLANG_WARN_OBJC_LITERAL_CONVERSION = YES;
				CLANG_WARN_OBJC_ROOT_CLASS = YES_ERROR;
				CLANG_WARN_QUOTED_INCLUDE_IN_FRAMEWORK_HEADER = YES;
				CLANG_WARN_RANGE_LOOP_ANALYSIS = YES;
				CLANG_WARN_STRICT_PROTOTYPES = YES;
				CLANG_WARN_SUSPICIOUS_MOVE = YES;
				CLANG_WARN_UNGUARDED_AVAILABILITY = YES_AGGRESSIVE;
				CLANG_WARN_UNREACHABLE_CODE = YES;
				CLANG_WARN__DUPLICATE_METHOD_MATCH = YES;
				COPY_PHASE_STRIP = NO;
				DEAD_CODE_STRIPPING = YES;
				DEBUG_INFORMATION_FORMAT = "dwarf-with-dsym";
				ENABLE_NS_ASSERTIONS = NO;
				ENABLE_STRICT_OBJC_MSGSEND = YES;
				GCC_C_LANGUAGE_STANDARD = gnu11;
				GCC_NO_COMMON_BLOCKS = YES;
				GCC_WARN_64_TO_32_BIT_CONVERSION = YES;
				GCC_WARN_ABOUT_RETURN_TYPE = YES_ERROR;
				GCC_WARN_UNDECLARED_SELECTOR = YES;
				GCC_WARN_UNINITIALIZED_AUTOS = YES_AGGRESSIVE;
				GCC_WARN_UNUSED_FUNCTION = YES;
				GCC_WARN_UNUSED_VARIABLE = YES;
				MACOSX_DEPLOYMENT_TARGET = 14.0;
				MTL_ENABLE_DEBUG_INFO = NO;
				MTL_FAST_MATH = YES;
				SDKROOT = macosx;
				SWIFT_COMPILATION_MODE = wholemodule;
				SWIFT_OPTIMIZATION_LEVEL = "-O";
			};
			name = Release;
		};
		82C57F0A27D46DC100395627 /* Debug */ = {
			isa = XCBuildConfiguration;
			baseConfigurationReference = 826008202C67499A00ACD8A7 /* Ukam.Debug.xcconfig */;
			buildSettings = {
				ASSETCATALOG_COMPILER_APPICON_NAME = AppIcon;
				ASSETCATALOG_COMPILER_GLOBAL_ACCENT_COLOR_NAME = AccentColor;
				CLANG_ENABLE_MODULES = YES;
				CODE_SIGN_ENTITLEMENTS = Ukam/Ukam.entitlements;
				CODE_SIGN_STYLE = Automatic;
				COMBINE_HIDPI_IMAGES = YES;
				DEAD_CODE_STRIPPING = YES;
				DEVELOPMENT_TEAM = NARTSSS6TY;
				ENABLE_HARDENED_RUNTIME = YES;
				INFOPLIST_FILE = Ukam/Info.plist;
				LD_RUNPATH_SEARCH_PATHS = (
					"$(inherited)",
					"@executable_path/../Frameworks",
				);
				PRODUCT_BUNDLE_IDENTIFIER = net.iseteki.Ukam;
				PRODUCT_NAME = "$(TARGET_NAME)";
				SWIFT_OBJC_BRIDGING_HEADER = "Ukam/Bridge/Ukam-Bridging-Header.h";
				SWIFT_OPTIMIZATION_LEVEL = "-Onone";
				SWIFT_VERSION = 5.0;
			};
			name = Debug;
		};
		82C57F0B27D46DC100395627 /* Release */ = {
			isa = XCBuildConfiguration;
			baseConfigurationReference = 8260081F2C67497900ACD8A7 /* Ukam.Release.xcconfig */;
			buildSettings = {
				ASSETCATALOG_COMPILER_APPICON_NAME = AppIcon;
				ASSETCATALOG_COMPILER_GLOBAL_ACCENT_COLOR_NAME = AccentColor;
				CLANG_ENABLE_MODULES = YES;
				CODE_SIGN_ENTITLEMENTS = Ukam/Ukam.entitlements;
				CODE_SIGN_STYLE = Automatic;
				COMBINE_HIDPI_IMAGES = YES;
				DEAD_CODE_STRIPPING = YES;
				DEVELOPMENT_TEAM = NARTSSS6TY;
				ENABLE_HARDENED_RUNTIME = YES;
				INFOPLIST_FILE = Ukam/Info.plist;
				LD_RUNPATH_SEARCH_PATHS = (
					"$(inherited)",
					"@executable_path/../Frameworks",
				);
				PRODUCT_BUNDLE_IDENTIFIER = net.iseteki.Ukam;
				PRODUCT_NAME = "$(TARGET_NAME)";
				SWIFT_OBJC_BRIDGING_HEADER = "Ukam/Bridge/Ukam-Bridging-Header.h";
				SWIFT_VERSION = 5.0;
			};
			name = Release;
		};
/* End XCBuildConfiguration section */

/* Begin XCConfigurationList section */
		82302D142C66A07C00B8BF8C /* Build configuration list for PBXAggregateTarget "Update Localize" */ = {
			isa = XCConfigurationList;
			buildConfigurations = (
				82302D152C66A07C00B8BF8C /* Debug */,
				82302D162C66A07C00B8BF8C /* Release */,
			);
			defaultConfigurationIsVisible = 0;
			defaultConfigurationName = Release;
		};
		82C57EF427D46DB900395627 /* Build configuration list for PBXProject "Ukam" */ = {
			isa = XCConfigurationList;
			buildConfigurations = (
				82C57F0727D46DC100395627 /* Debug */,
				82C57F0827D46DC100395627 /* Release */,
			);
			defaultConfigurationIsVisible = 0;
			defaultConfigurationName = Release;
		};
		82C57F0927D46DC100395627 /* Build configuration list for PBXNativeTarget "Ukam" */ = {
			isa = XCConfigurationList;
			buildConfigurations = (
				82C57F0A27D46DC100395627 /* Debug */,
				82C57F0B27D46DC100395627 /* Release */,
			);
			defaultConfigurationIsVisible = 0;
			defaultConfigurationName = Release;
		};
/* End XCConfigurationList section */

/* Begin XCRemoteSwiftPackageReference section */
		82302D1B2C66A4F900B8BF8C /* XCRemoteSwiftPackageReference "R.swift" */ = {
			isa = XCRemoteSwiftPackageReference;
			repositoryURL = "https://github.com/mac-cain13/R.swift.git";
			requirement = {
				kind = upToNextMajorVersion;
				minimumVersion = 7.5.0;
			};
		};
		826008342C675A9700ACD8A7 /* XCRemoteSwiftPackageReference "LicensePlist" */ = {
			isa = XCRemoteSwiftPackageReference;
			repositoryURL = "https://github.com/mono0926/LicensePlist.git";
			requirement = {
				kind = upToNextMajorVersion;
				minimumVersion = 3.25.1;
			};
		};
/* End XCRemoteSwiftPackageReference section */

/* Begin XCSwiftPackageProductDependency section */
		82302D1C2C66A52C00B8BF8C /* RswiftLibrary */ = {
			isa = XCSwiftPackageProductDependency;
			package = 82302D1B2C66A4F900B8BF8C /* XCRemoteSwiftPackageReference "R.swift" */;
			productName = RswiftLibrary;
		};
		82302D1E2C66A54300B8BF8C /* RswiftGenerateInternalResources */ = {
			isa = XCSwiftPackageProductDependency;
			package = 82302D1B2C66A4F900B8BF8C /* XCRemoteSwiftPackageReference "R.swift" */;
			productName = "plugin:RswiftGenerateInternalResources";
		};
		826008362C675AAB00ACD8A7 /* LicensePlistBuildTool */ = {
			isa = XCSwiftPackageProductDependency;
			package = 826008342C675A9700ACD8A7 /* XCRemoteSwiftPackageReference "LicensePlist" */;
			productName = "plugin:LicensePlistBuildTool";
		};
/* End XCSwiftPackageProductDependency section */
	};
	rootObject = 82C57EF127D46DB900395627 /* Project object */;
}
