// !$*UTF8*$!
{
	archiveVersion = 1;
	classes = {
	};
	objectVersion = 54;
	objects = {

/* Begin PBXBuildFile section */
		822CDF3E27D4C6CD00C6B331 /* MenuManager.swift in Sources */ = {isa = PBXBuildFile; fileRef = 822CDF3D27D4C6CD00C6B331 /* MenuManager.swift */; };
		822CDF4127D4C72E00C6B331 /* Window.swift in Sources */ = {isa = PBXBuildFile; fileRef = 822CDF4027D4C72E00C6B331 /* Window.swift */; };
		822CDF4427D4C79300C6B331 /* WindowManager.swift in Sources */ = {isa = PBXBuildFile; fileRef = 822CDF4327D4C79300C6B331 /* WindowManager.swift */; };
		822CDF4D27D5181D00C6B331 /* CoreGraphics.framework in Frameworks */ = {isa = PBXBuildFile; fileRef = 822CDF4C27D5181D00C6B331 /* CoreGraphics.framework */; platformFilter = maccatalyst; };
		822CDF5027D52C1C00C6B331 /* ApplicationServices.framework in Frameworks */ = {isa = PBXBuildFile; fileRef = 822CDF4F27D52C1C00C6B331 /* ApplicationServices.framework */; platformFilter = maccatalyst; };
		82B14E002C5CDBF7000B08C3 /* WindowsViewController.swift in Sources */ = {isa = PBXBuildFile; fileRef = 82B14DFF2C5CDBF7000B08C3 /* WindowsViewController.swift */; };
		82B14E022C5CDC0E000B08C3 /* WindowsView.swift in Sources */ = {isa = PBXBuildFile; fileRef = 82B14E012C5CDC0E000B08C3 /* WindowsView.swift */; };
		82B14E042C5CE172000B08C3 /* WindowsViewDataSource.swift in Sources */ = {isa = PBXBuildFile; fileRef = 82B14E032C5CE172000B08C3 /* WindowsViewDataSource.swift */; };
		82B14E062C5CED30000B08C3 /* WindowItemView.swift in Sources */ = {isa = PBXBuildFile; fileRef = 82B14E052C5CED30000B08C3 /* WindowItemView.swift */; };
		82B14E082C5CF685000B08C3 /* LayoutConstants.swift in Sources */ = {isa = PBXBuildFile; fileRef = 82B14E072C5CF685000B08C3 /* LayoutConstants.swift */; };
		82B14E0C2C5D11B4000B08C3 /* ScreenCaptureKit.framework in Frameworks */ = {isa = PBXBuildFile; fileRef = 82B14E0B2C5D11B4000B08C3 /* ScreenCaptureKit.framework */; };
		82C57EFD27D46DB900395627 /* AppDelegate.swift in Sources */ = {isa = PBXBuildFile; fileRef = 82C57EFC27D46DB900395627 /* AppDelegate.swift */; };
		82C57EFF27D46DB900395627 /* ViewController.swift in Sources */ = {isa = PBXBuildFile; fileRef = 82C57EFE27D46DB900395627 /* ViewController.swift */; };
		82C57F0127D46DC100395627 /* Assets.xcassets in Resources */ = {isa = PBXBuildFile; fileRef = 82C57F0027D46DC100395627 /* Assets.xcassets */; };
		82C57F0427D46DC100395627 /* Main.storyboard in Resources */ = {isa = PBXBuildFile; fileRef = 82C57F0227D46DC100395627 /* Main.storyboard */; };
/* End PBXBuildFile section */

/* Begin PBXFileReference section */
		822CDF3D27D4C6CD00C6B331 /* MenuManager.swift */ = {isa = PBXFileReference; lastKnownFileType = sourcecode.swift; path = MenuManager.swift; sourceTree = "<group>"; };
		822CDF4027D4C72E00C6B331 /* Window.swift */ = {isa = PBXFileReference; lastKnownFileType = sourcecode.swift; path = Window.swift; sourceTree = "<group>"; };
		822CDF4327D4C79300C6B331 /* WindowManager.swift */ = {isa = PBXFileReference; lastKnownFileType = sourcecode.swift; path = WindowManager.swift; sourceTree = "<group>"; };
		822CDF4727D517E400C6B331 /* Ukam-Bridging-Header.h */ = {isa = PBXFileReference; lastKnownFileType = sourcecode.c.h; path = "Ukam-Bridging-Header.h"; sourceTree = "<group>"; };
		822CDF4C27D5181D00C6B331 /* CoreGraphics.framework */ = {isa = PBXFileReference; lastKnownFileType = wrapper.framework; name = CoreGraphics.framework; path = System/Library/Frameworks/CoreGraphics.framework; sourceTree = SDKROOT; };
		822CDF4E27D52C0B00C6B331 /* AXUIElement.h */ = {isa = PBXFileReference; lastKnownFileType = sourcecode.c.h; path = AXUIElement.h; sourceTree = "<group>"; };
		822CDF4F27D52C1C00C6B331 /* ApplicationServices.framework */ = {isa = PBXFileReference; lastKnownFileType = wrapper.framework; name = ApplicationServices.framework; path = System/Library/Frameworks/ApplicationServices.framework; sourceTree = SDKROOT; };
		82B14DFF2C5CDBF7000B08C3 /* WindowsViewController.swift */ = {isa = PBXFileReference; lastKnownFileType = sourcecode.swift; path = WindowsViewController.swift; sourceTree = "<group>"; };
		82B14E012C5CDC0E000B08C3 /* WindowsView.swift */ = {isa = PBXFileReference; lastKnownFileType = sourcecode.swift; path = WindowsView.swift; sourceTree = "<group>"; };
		82B14E032C5CE172000B08C3 /* WindowsViewDataSource.swift */ = {isa = PBXFileReference; lastKnownFileType = sourcecode.swift; path = WindowsViewDataSource.swift; sourceTree = "<group>"; };
		82B14E052C5CED30000B08C3 /* WindowItemView.swift */ = {isa = PBXFileReference; lastKnownFileType = sourcecode.swift; path = WindowItemView.swift; sourceTree = "<group>"; };
		82B14E072C5CF685000B08C3 /* LayoutConstants.swift */ = {isa = PBXFileReference; lastKnownFileType = sourcecode.swift; path = LayoutConstants.swift; sourceTree = "<group>"; };
		82B14E0B2C5D11B4000B08C3 /* ScreenCaptureKit.framework */ = {isa = PBXFileReference; lastKnownFileType = wrapper.framework; name = ScreenCaptureKit.framework; path = System/Library/Frameworks/ScreenCaptureKit.framework; sourceTree = SDKROOT; };
		82C57EF927D46DB900395627 /* Ukam.app */ = {isa = PBXFileReference; explicitFileType = wrapper.application; includeInIndex = 0; path = Ukam.app; sourceTree = BUILT_PRODUCTS_DIR; };
		82C57EFC27D46DB900395627 /* AppDelegate.swift */ = {isa = PBXFileReference; lastKnownFileType = sourcecode.swift; path = AppDelegate.swift; sourceTree = "<group>"; };
		82C57EFE27D46DB900395627 /* ViewController.swift */ = {isa = PBXFileReference; lastKnownFileType = sourcecode.swift; path = ViewController.swift; sourceTree = "<group>"; };
		82C57F0027D46DC100395627 /* Assets.xcassets */ = {isa = PBXFileReference; lastKnownFileType = folder.assetcatalog; path = Assets.xcassets; sourceTree = "<group>"; };
		82C57F0327D46DC100395627 /* Base */ = {isa = PBXFileReference; lastKnownFileType = file.storyboard; name = Base; path = Base.lproj/Main.storyboard; sourceTree = "<group>"; };
		82C57F0527D46DC100395627 /* Info.plist */ = {isa = PBXFileReference; lastKnownFileType = text.plist.xml; path = Info.plist; sourceTree = "<group>"; };
		82C57F0627D46DC100395627 /* Ukam.entitlements */ = {isa = PBXFileReference; lastKnownFileType = text.plist.entitlements; path = Ukam.entitlements; sourceTree = "<group>"; };
/* End PBXFileReference section */

/* Begin PBXFrameworksBuildPhase section */
		82C57EF627D46DB900395627 /* Frameworks */ = {
			isa = PBXFrameworksBuildPhase;
			buildActionMask = 2147483647;
			files = (
				822CDF4D27D5181D00C6B331 /* CoreGraphics.framework in Frameworks */,
				82B14E0C2C5D11B4000B08C3 /* ScreenCaptureKit.framework in Frameworks */,
				822CDF5027D52C1C00C6B331 /* ApplicationServices.framework in Frameworks */,
			);
			runOnlyForDeploymentPostprocessing = 0;
		};
/* End PBXFrameworksBuildPhase section */

/* Begin PBXGroup section */
		822CDF3F27D4C71F00C6B331 /* Model */ = {
			isa = PBXGroup;
			children = (
				822CDF4027D4C72E00C6B331 /* Window.swift */,
			);
			path = Model;
			sourceTree = "<group>";
		};
		822CDF4227D4C77F00C6B331 /* Managers */ = {
			isa = PBXGroup;
			children = (
				822CDF3D27D4C6CD00C6B331 /* MenuManager.swift */,
				822CDF4327D4C79300C6B331 /* WindowManager.swift */,
			);
			path = Managers;
			sourceTree = "<group>";
		};
		822CDF4527D517A100C6B331 /* Bridge */ = {
			isa = PBXGroup;
			children = (
				822CDF4727D517E400C6B331 /* Ukam-Bridging-Header.h */,
				822CDF4E27D52C0B00C6B331 /* AXUIElement.h */,
			);
			path = Bridge;
			sourceTree = "<group>";
		};
		822CDF4B27D5181D00C6B331 /* Frameworks */ = {
			isa = PBXGroup;
			children = (
				82B14E0B2C5D11B4000B08C3 /* ScreenCaptureKit.framework */,
				822CDF4F27D52C1C00C6B331 /* ApplicationServices.framework */,
				822CDF4C27D5181D00C6B331 /* CoreGraphics.framework */,
			);
			name = Frameworks;
			sourceTree = "<group>";
		};
		82B14DFD2C5CDBDF000B08C3 /* Views */ = {
			isa = PBXGroup;
			children = (
				82B14DFE2C5CDBE7000B08C3 /* Windows */,
				82B14E072C5CF685000B08C3 /* LayoutConstants.swift */,
			);
			path = Views;
			sourceTree = "<group>";
		};
		82B14DFE2C5CDBE7000B08C3 /* Windows */ = {
			isa = PBXGroup;
			children = (
				82B14DFF2C5CDBF7000B08C3 /* WindowsViewController.swift */,
				82B14E012C5CDC0E000B08C3 /* WindowsView.swift */,
				82B14E052C5CED30000B08C3 /* WindowItemView.swift */,
				82B14E032C5CE172000B08C3 /* WindowsViewDataSource.swift */,
			);
			path = Windows;
			sourceTree = "<group>";
		};
		82C57EF027D46DB900395627 = {
			isa = PBXGroup;
			children = (
				82C57EFB27D46DB900395627 /* Ukam */,
				82C57EFA27D46DB900395627 /* Products */,
				822CDF4B27D5181D00C6B331 /* Frameworks */,
			);
			sourceTree = "<group>";
		};
		82C57EFA27D46DB900395627 /* Products */ = {
			isa = PBXGroup;
			children = (
				82C57EF927D46DB900395627 /* Ukam.app */,
			);
			name = Products;
			sourceTree = "<group>";
		};
		82C57EFB27D46DB900395627 /* Ukam */ = {
			isa = PBXGroup;
			children = (
				82B14DFD2C5CDBDF000B08C3 /* Views */,
				822CDF4527D517A100C6B331 /* Bridge */,
				822CDF4227D4C77F00C6B331 /* Managers */,
				822CDF3F27D4C71F00C6B331 /* Model */,
				82C57EFC27D46DB900395627 /* AppDelegate.swift */,
				82C57EFE27D46DB900395627 /* ViewController.swift */,
				82C57F0027D46DC100395627 /* Assets.xcassets */,
				82C57F0227D46DC100395627 /* Main.storyboard */,
				82C57F0527D46DC100395627 /* Info.plist */,
				82C57F0627D46DC100395627 /* Ukam.entitlements */,
			);
			path = Ukam;
			sourceTree = "<group>";
		};
/* End PBXGroup section */

/* Begin PBXNativeTarget section */
		82C57EF827D46DB900395627 /* Ukam */ = {
			isa = PBXNativeTarget;
			buildConfigurationList = 82C57F0927D46DC100395627 /* Build configuration list for PBXNativeTarget "Ukam" */;
			buildPhases = (
				82C57EF527D46DB900395627 /* Sources */,
				82C57EF627D46DB900395627 /* Frameworks */,
				82C57EF727D46DB900395627 /* Resources */,
			);
			buildRules = (
			);
			dependencies = (
			);
			name = Ukam;
			productName = Ukam;
			productReference = 82C57EF927D46DB900395627 /* Ukam.app */;
			productType = "com.apple.product-type.application";
		};
/* End PBXNativeTarget section */

/* Begin PBXProject section */
		82C57EF127D46DB900395627 /* Project object */ = {
			isa = PBXProject;
			attributes = {
				LastSwiftUpdateCheck = 1250;
				LastUpgradeCheck = 1300;
				TargetAttributes = {
					82C57EF827D46DB900395627 = {
						CreatedOnToolsVersion = 12.5;
						LastSwiftMigration = 1300;
					};
				};
			};
			buildConfigurationList = 82C57EF427D46DB900395627 /* Build configuration list for PBXProject "Ukam" */;
			compatibilityVersion = "Xcode 9.3";
			developmentRegion = en;
			hasScannedForEncodings = 0;
			knownRegions = (
				en,
				Base,
			);
			mainGroup = 82C57EF027D46DB900395627;
			productRefGroup = 82C57EFA27D46DB900395627 /* Products */;
			projectDirPath = "";
			projectRoot = "";
			targets = (
				82C57EF827D46DB900395627 /* Ukam */,
			);
		};
/* End PBXProject section */

/* Begin PBXResourcesBuildPhase section */
		82C57EF727D46DB900395627 /* Resources */ = {
			isa = PBXResourcesBuildPhase;
			buildActionMask = 2147483647;
			files = (
				82C57F0127D46DC100395627 /* Assets.xcassets in Resources */,
				82C57F0427D46DC100395627 /* Main.storyboard in Resources */,
			);
			runOnlyForDeploymentPostprocessing = 0;
		};
/* End PBXResourcesBuildPhase section */

/* Begin PBXSourcesBuildPhase section */
		82C57EF527D46DB900395627 /* Sources */ = {
			isa = PBXSourcesBuildPhase;
			buildActionMask = 2147483647;
			files = (
				822CDF3E27D4C6CD00C6B331 /* MenuManager.swift in Sources */,
				82B14E022C5CDC0E000B08C3 /* WindowsView.swift in Sources */,
				82B14E042C5CE172000B08C3 /* WindowsViewDataSource.swift in Sources */,
				822CDF4127D4C72E00C6B331 /* Window.swift in Sources */,
				82B14E062C5CED30000B08C3 /* WindowItemView.swift in Sources */,
				82C57EFF27D46DB900395627 /* ViewController.swift in Sources */,
				82C57EFD27D46DB900395627 /* AppDelegate.swift in Sources */,
				82B14E002C5CDBF7000B08C3 /* WindowsViewController.swift in Sources */,
				822CDF4427D4C79300C6B331 /* WindowManager.swift in Sources */,
				82B14E082C5CF685000B08C3 /* LayoutConstants.swift in Sources */,
			);
			runOnlyForDeploymentPostprocessing = 0;
		};
/* End PBXSourcesBuildPhase section */

/* Begin PBXVariantGroup section */
		82C57F0227D46DC100395627 /* Main.storyboard */ = {
			isa = PBXVariantGroup;
			children = (
				82C57F0327D46DC100395627 /* Base */,
			);
			name = Main.storyboard;
			sourceTree = "<group>";
		};
/* End PBXVariantGroup section */

/* Begin XCBuildConfiguration section */
		82C57F0727D46DC100395627 /* Debug */ = {
			isa = XCBuildConfiguration;
			buildSettings = {
				ALWAYS_SEARCH_USER_PATHS = NO;
				CLANG_ANALYZER_NONNULL = YES;
				CLANG_ANALYZER_NUMBER_OBJECT_CONVERSION = YES_AGGRESSIVE;
				CLANG_CXX_LANGUAGE_STANDARD = "gnu++14";
				CLANG_CXX_LIBRARY = "libc++";
				CLANG_ENABLE_MODULES = YES;
				CLANG_ENABLE_OBJC_ARC = YES;
				CLANG_ENABLE_OBJC_WEAK = YES;
				CLANG_WARN_BLOCK_CAPTURE_AUTORELEASING = YES;
				CLANG_WARN_BOOL_CONVERSION = YES;
				CLANG_WARN_COMMA = YES;
				CLANG_WARN_CONSTANT_CONVERSION = YES;
				CLANG_WARN_DEPRECATED_OBJC_IMPLEMENTATIONS = YES;
				CLANG_WARN_DIRECT_OBJC_ISA_USAGE = YES_ERROR;
				CLANG_WARN_DOCUMENTATION_COMMENTS = YES;
				CLANG_WARN_EMPTY_BODY = YES;
				CLANG_WARN_ENUM_CONVERSION = YES;
				CLANG_WARN_INFINITE_RECURSION = YES;
				CLANG_WARN_INT_CONVERSION = YES;
				CLANG_WARN_NON_LITERAL_NULL_CONVERSION = YES;
				CLANG_WARN_OBJC_IMPLICIT_RETAIN_SELF = YES;
				CLANG_WARN_OBJC_LITERAL_CONVERSION = YES;
				CLANG_WARN_OBJC_ROOT_CLASS = YES_ERROR;
				CLANG_WARN_QUOTED_INCLUDE_IN_FRAMEWORK_HEADER = YES;
				CLANG_WARN_RANGE_LOOP_ANALYSIS = YES;
				CLANG_WARN_STRICT_PROTOTYPES = YES;
				CLANG_WARN_SUSPICIOUS_MOVE = YES;
				CLANG_WARN_UNGUARDED_AVAILABILITY = YES_AGGRESSIVE;
				CLANG_WARN_UNREACHABLE_CODE = YES;
				CLANG_WARN__DUPLICATE_METHOD_MATCH = YES;
				COPY_PHASE_STRIP = NO;
				DEBUG_INFORMATION_FORMAT = dwarf;
				ENABLE_STRICT_OBJC_MSGSEND = YES;
				ENABLE_TESTABILITY = YES;
				GCC_C_LANGUAGE_STANDARD = gnu11;
				GCC_DYNAMIC_NO_PIC = NO;
				GCC_NO_COMMON_BLOCKS = YES;
				GCC_OPTIMIZATION_LEVEL = 0;
				GCC_PREPROCESSOR_DEFINITIONS = (
					"DEBUG=1",
					"$(inherited)",
				);
				GCC_WARN_64_TO_32_BIT_CONVERSION = YES;
				GCC_WARN_ABOUT_RETURN_TYPE = YES_ERROR;
				GCC_WARN_UNDECLARED_SELECTOR = YES;
				GCC_WARN_UNINITIALIZED_AUTOS = YES_AGGRESSIVE;
				GCC_WARN_UNUSED_FUNCTION = YES;
				GCC_WARN_UNUSED_VARIABLE = YES;
				MACOSX_DEPLOYMENT_TARGET = 14.0;
				MTL_ENABLE_DEBUG_INFO = INCLUDE_SOURCE;
				MTL_FAST_MATH = YES;
				ONLY_ACTIVE_ARCH = YES;
				SDKROOT = macosx;
				SWIFT_ACTIVE_COMPILATION_CONDITIONS = DEBUG;
				SWIFT_OPTIMIZATION_LEVEL = "-Onone";
			};
			name = Debug;
		};
		82C57F0827D46DC100395627 /* Release */ = {
			isa = XCBuildConfiguration;
			buildSettings = {
				ALWAYS_SEARCH_USER_PATHS = NO;
				CLANG_ANALYZER_NONNULL = YES;
				CLANG_ANALYZER_NUMBER_OBJECT_CONVERSION = YES_AGGRESSIVE;
				CLANG_CXX_LANGUAGE_STANDARD = "gnu++14";
				CLANG_CXX_LIBRARY = "libc++";
				CLANG_ENABLE_MODULES = YES;
				CLANG_ENABLE_OBJC_ARC = YES;
				CLANG_ENABLE_OBJC_WEAK = YES;
				CLANG_WARN_BLOCK_CAPTURE_AUTORELEASING = YES;
				CLANG_WARN_BOOL_CONVERSION = YES;
				CLANG_WARN_COMMA = YES;
				CLANG_WARN_CONSTANT_CONVERSION = YES;
				CLANG_WARN_DEPRECATED_OBJC_IMPLEMENTATIONS = YES;
				CLANG_WARN_DIRECT_OBJC_ISA_USAGE = YES_ERROR;
				CLANG_WARN_DOCUMENTATION_COMMENTS = YES;
				CLANG_WARN_EMPTY_BODY = YES;
				CLANG_WARN_ENUM_CONVERSION = YES;
				CLANG_WARN_INFINITE_RECURSION = YES;
				CLANG_WARN_INT_CONVERSION = YES;
				CLANG_WARN_NON_LITERAL_NULL_CONVERSION = YES;
				CLANG_WARN_OBJC_IMPLICIT_RETAIN_SELF = YES;
				CLANG_WARN_OBJC_LITERAL_CONVERSION = YES;
				CLANG_WARN_OBJC_ROOT_CLASS = YES_ERROR;
				CLANG_WARN_QUOTED_INCLUDE_IN_FRAMEWORK_HEADER = YES;
				CLANG_WARN_RANGE_LOOP_ANALYSIS = YES;
				CLANG_WARN_STRICT_PROTOTYPES = YES;
				CLANG_WARN_SUSPICIOUS_MOVE = YES;
				CLANG_WARN_UNGUARDED_AVAILABILITY = YES_AGGRESSIVE;
				CLANG_WARN_UNREACHABLE_CODE = YES;
				CLANG_WARN__DUPLICATE_METHOD_MATCH = YES;
				COPY_PHASE_STRIP = NO;
				DEBUG_INFORMATION_FORMAT = "dwarf-with-dsym";
				ENABLE_NS_ASSERTIONS = NO;
				ENABLE_STRICT_OBJC_MSGSEND = YES;
				GCC_C_LANGUAGE_STANDARD = gnu11;
				GCC_NO_COMMON_BLOCKS = YES;
				GCC_WARN_64_TO_32_BIT_CONVERSION = YES;
				GCC_WARN_ABOUT_RETURN_TYPE = YES_ERROR;
				GCC_WARN_UNDECLARED_SELECTOR = YES;
				GCC_WARN_UNINITIALIZED_AUTOS = YES_AGGRESSIVE;
				GCC_WARN_UNUSED_FUNCTION = YES;
				GCC_WARN_UNUSED_VARIABLE = YES;
				MACOSX_DEPLOYMENT_TARGET = 14.0;
				MTL_ENABLE_DEBUG_INFO = NO;
				MTL_FAST_MATH = YES;
				SDKROOT = macosx;
				SWIFT_COMPILATION_MODE = wholemodule;
				SWIFT_OPTIMIZATION_LEVEL = "-O";
			};
			name = Release;
		};
		82C57F0A27D46DC100395627 /* Debug */ = {
			isa = XCBuildConfiguration;
			buildSettings = {
				ASSETCATALOG_COMPILER_APPICON_NAME = AppIcon;
				ASSETCATALOG_COMPILER_GLOBAL_ACCENT_COLOR_NAME = AccentColor;
				CLANG_ENABLE_MODULES = YES;
				CODE_SIGN_ENTITLEMENTS = Ukam/Ukam.entitlements;
				CODE_SIGN_STYLE = Automatic;
				COMBINE_HIDPI_IMAGES = YES;
				CURRENT_PROJECT_VERSION = 3;
				DEVELOPMENT_TEAM = NARTSSS6TY;
				ENABLE_HARDENED_RUNTIME = YES;
				INFOPLIST_FILE = Ukam/Info.plist;
				LD_RUNPATH_SEARCH_PATHS = (
					"$(inherited)",
					"@executable_path/../Frameworks",
				);
				MARKETING_VERSION = 0.1.0;
				PRODUCT_BUNDLE_IDENTIFIER = net.iseteki.Ukam;
				PRODUCT_NAME = "$(TARGET_NAME)";
				SWIFT_OBJC_BRIDGING_HEADER = "Ukam/Bridge/Ukam-Bridging-Header.h";
				SWIFT_OPTIMIZATION_LEVEL = "-Onone";
				SWIFT_VERSION = 5.0;
			};
			name = Debug;
		};
		82C57F0B27D46DC100395627 /* Release */ = {
			isa = XCBuildConfiguration;
			buildSettings = {
				ASSETCATALOG_COMPILER_APPICON_NAME = AppIcon;
				ASSETCATALOG_COMPILER_GLOBAL_ACCENT_COLOR_NAME = AccentColor;
				CLANG_ENABLE_MODULES = YES;
				CODE_SIGN_ENTITLEMENTS = Ukam/Ukam.entitlements;
				CODE_SIGN_STYLE = Automatic;
				COMBINE_HIDPI_IMAGES = YES;
				CURRENT_PROJECT_VERSION = 3;
				DEVELOPMENT_TEAM = NARTSSS6TY;
				ENABLE_HARDENED_RUNTIME = YES;
				INFOPLIST_FILE = Ukam/Info.plist;
				LD_RUNPATH_SEARCH_PATHS = (
					"$(inherited)",
					"@executable_path/../Frameworks",
				);
				MARKETING_VERSION = 0.1.0;
				PRODUCT_BUNDLE_IDENTIFIER = net.iseteki.Ukam;
				PRODUCT_NAME = "$(TARGET_NAME)";
				SWIFT_OBJC_BRIDGING_HEADER = "Ukam/Bridge/Ukam-Bridging-Header.h";
				SWIFT_VERSION = 5.0;
			};
			name = Release;
		};
/* End XCBuildConfiguration section */

/* Begin XCConfigurationList section */
		82C57EF427D46DB900395627 /* Build configuration list for PBXProject "Ukam" */ = {
			isa = XCConfigurationList;
			buildConfigurations = (
				82C57F0727D46DC100395627 /* Debug */,
				82C57F0827D46DC100395627 /* Release */,
			);
			defaultConfigurationIsVisible = 0;
			defaultConfigurationName = Release;
		};
		82C57F0927D46DC100395627 /* Build configuration list for PBXNativeTarget "Ukam" */ = {
			isa = XCConfigurationList;
			buildConfigurations = (
				82C57F0A27D46DC100395627 /* Debug */,
				82C57F0B27D46DC100395627 /* Release */,
			);
			defaultConfigurationIsVisible = 0;
			defaultConfigurationName = Release;
		};
/* End XCConfigurationList section */
	};
	rootObject = 82C57EF127D46DB900395627 /* Project object */;
}
